
Microsoft Visual Studio Solution File, Format Version 12.00
# Visual Studio 15
VisualStudioVersion = 15.0.27004.2002
MinimumVisualStudioVersion = 10.0.40219.1
Project("{FAE04EC0-301F-11D3-BF4B-00C04F79EFBC}") = "WindowsFormsApp1", "WindowsFormsApp1\WindowsFormsApp1.csproj", "{2985049E-787F-435A-AD66-B205610F3D8A}"
EndProject
Global
	GlobalSection(SolutionConfigurationPlatforms) = preSolution
		Debug|Any CPU = Debug|Any CPU
		Release|Any CPU = Release|Any CPU
	EndGlobalSection
	GlobalSection(ProjectConfigurationPlatforms) = postSolution
		{2985049E-787F-435A-AD66-B205610F3D8A}.Debug|Any CPU.ActiveCfg = Debug|Any CPU
		{2985049E-787F-435A-AD66-B205610F3D8A}.Debug|Any CPU.Build.0 = Debug|Any CPU
		{2985049E-787F-435A-AD66-B205610F3D8A}.Release|Any CPU.ActiveCfg = Release|Any CPU
		{2985049E-787F-435A-AD66-B205610F3D8A}.Release|Any CPU.Build.0 = Release|Any CPU
	EndGlobalSection
	GlobalSection(SolutionProperties) = preSolution
		HideSolutionNode = FALSE
	EndGlobalSection
	GlobalSection(ExtensibilityGlobals) = postSolution
		SolutionGuid = {74CC3E61-F459-4DE3-BF71-E64FC1FF44F8}
	EndGlobalSection
EndGlobal
